
Microsoft Visual Studio Solution File, Format Version 12.00
# Visual Studio Version 16
VisualStudioVersion = 16.0.29613.14
MinimumVisualStudioVersion = 10.0.40219.1
Project("{FAE04EC0-301F-11D3-BF4B-00C04F79EFBC}") = "MVP Sample", "MVP Sample.csproj", "{513A3603-269C-481D-B585-536D69B43AAA}"
EndProject
Global
	GlobalSection(SolutionConfigurationPlatforms) = preSolution
		Debug|Any CPU = Debug|Any CPU
		Release|Any CPU = Release|Any CPU
	EndGlobalSection
	GlobalSection(ProjectConfigurationPlatforms) = postSolution
		{513A3603-269C-481D-B585-536D69B43AAA}.Debug|Any CPU.ActiveCfg = Debug|Any CPU
		{513A3603-269C-481D-B585-536D69B43AAA}.Debug|Any CPU.Build.0 = Debug|Any CPU
		{513A3603-269C-481D-B585-536D69B43AAA}.Release|Any CPU.ActiveCfg = Release|Any CPU
		{513A3603-269C-481D-B585-536D69B43AAA}.Release|Any CPU.Build.0 = Release|Any CPU
	EndGlobalSection
	GlobalSection(SolutionProperties) = preSolution
		HideSolutionNode = FALSE
	EndGlobalSection
	GlobalSection(ExtensibilityGlobals) = postSolution
		SolutionGuid = {6C197D07-3DE1-401F-905B-DA450661E533}
	EndGlobalSection
EndGlobal
